Microsoft Visual Studio Solution File, Format Version 12.00
# Visual Studio 2012
Project("{FAE04EC0-301F-11D3-BF4B-00C04F79EFBC}") = "01-Draw", "01-Draw.csproj", "{30635F93-2D99-4E15-A25B-AA99C0A16BCC}"
EndProject
Global
	GlobalSection(SolutionConfigurationPlatforms) = preSolution
	Debug|Any CPU = Debug|Any CPU
	ExportDebug|Any CPU = ExportDebug|Any CPU
	ExportRelease|Any CPU = ExportRelease|Any CPU
	EndGlobalSection
	GlobalSection(ProjectConfigurationPlatforms) = postSolution
		{30635F93-2D99-4E15-A25B-AA99C0A16BCC}.Debug|Any CPU.ActiveCfg = Debug|Any CPU
		{30635F93-2D99-4E15-A25B-AA99C0A16BCC}.Debug|Any CPU.Build.0 = Debug|Any CPU
		{30635F93-2D99-4E15-A25B-AA99C0A16BCC}.ExportDebug|Any CPU.ActiveCfg = ExportDebug|Any CPU
		{30635F93-2D99-4E15-A25B-AA99C0A16BCC}.ExportDebug|Any CPU.Build.0 = ExportDebug|Any CPU
		{30635F93-2D99-4E15-A25B-AA99C0A16BCC}.ExportRelease|Any CPU.ActiveCfg = ExportRelease|Any CPU
		{30635F93-2D99-4E15-A25B-AA99C0A16BCC}.ExportRelease|Any CPU.Build.0 = ExportRelease|Any CPU
	EndGlobalSection
EndGlobal
